// !$*UTF8*$!
{
	archiveVersion = 1;
	classes = {
	};
	objectVersion = 46;
	objects = {

/* Begin PBXBuildFile section */
		84D8617E1D86A203008CA6AD /* AppDelegate.swift in Sources */ = {isa = PBXBuildFile; fileRef = 84D8617D1D86A203008CA6AD /* AppDelegate.swift */; };
		84D861801D86A203008CA6AD /* ViewController.swift in Sources */ = {isa = PBXBuildFile; fileRef = 84D8617F1D86A203008CA6AD /* ViewController.swift */; };
		84D861831D86A203008CA6AD /* Main.storyboard in Resources */ = {isa = PBXBuildFile; fileRef = 84D861811D86A203008CA6AD /* Main.storyboard */; };
		84D861851D86A203008CA6AD /* Assets.xcassets in Resources */ = {isa = PBXBuildFile; fileRef = 84D861841D86A203008CA6AD /* Assets.xcassets */; };
		84D861881D86A203008CA6AD /* LaunchScreen.storyboard in Resources */ = {isa = PBXBuildFile; fileRef = 84D861861D86A203008CA6AD /* LaunchScreen.storyboard */; };
/* End PBXBuildFile section */

/* Begin PBXFileReference section */
		84D8617A1D86A203008CA6AD /* Test_sensor.app */ = {isa = PBXFileReference; explicitFileType = wrapper.application; includeInIndex = 0; path = Test_sensor.app; sourceTree = BUILT_PRODUCTS_DIR; };
		84D8617D1D86A203008CA6AD /* AppDelegate.swift */ = {isa = PBXFileReference; lastKnownFileType = sourcecode.swift; path = AppDelegate.swift; sourceTree = "<group>"; };
		84D8617F1D86A203008CA6AD /* ViewController.swift */ = {isa = PBXFileReference; lastKnownFileType = sourcecode.swift; path = ViewController.swift; sourceTree = "<group>"; };
		84D861821D86A203008CA6AD /* Base */ = {isa = PBXFileReference; lastKnownFileType = file.storyboard; name = Base; path = Base.lproj/Main.storyboard; sourceTree = "<group>"; };
		84D861841D86A203008CA6AD /* Assets.xcassets */ = {isa = PBXFileReference; lastKnownFileType = folder.assetcatalog; path = Assets.xcassets; sourceTree = "<group>"; };
		84D861871D86A203008CA6AD /* Base */ = {isa = PBXFileReference; lastKnownFileType = file.storyboard; name = Base; path = Base.lproj/LaunchScreen.storyboard; sourceTree = "<group>"; };
		84D861891D86A203008CA6AD /* Info.plist */ = {isa = PBXFileReference; lastKnownFileType = text.plist.xml; path = Info.plist; sourceTree = "<group>"; };
/* End PBXFileReference section */

/* Begin PBXFrameworksBuildPhase section */
		84D861771D86A203008CA6AD /* Frameworks */ = {
			isa = PBXFrameworksBuildPhase;
			buildActionMask = 2147483647;
			files = (
			);
			runOnlyForDeploymentPostprocessing = 0;
		};
/* End PBXFrameworksBuildPhase section */

/* Begin PBXGroup section */
		84D861711D86A203008CA6AD = {
			isa = PBXGroup;
			children = (
				84D8617C1D86A203008CA6AD /* Test_sensor */,
				84D8617B1D86A203008CA6AD /* Products */,
			);
			sourceTree = "<group>";
		};
		84D8617B1D86A203008CA6AD /* Products */ = {
			isa = PBXGroup;
			children = (
				84D8617A1D86A203008CA6AD /* Test_sensor.app */,
			);
			name = Products;
			sourceTree = "<group>";
		};
		84D8617C1D86A203008CA6AD /* Test_sensor */ = {
			isa = PBXGroup;
			children = (
				84D8617D1D86A203008CA6AD /* AppDelegate.swift */,
				84D8617F1D86A203008CA6AD /* ViewController.swift */,
				84D861811D86A203008CA6AD /* Main.storyboard */,
				84D861841D86A203008CA6AD /* Assets.xcassets */,
				84D861861D86A203008CA6AD /* LaunchScreen.storyboard */,
				84D861891D86A203008CA6AD /* Info.plist */,
			);
			path = Test_sensor;
			sourceTree = "<group>";
		};
/* End PBXGroup section */

/* Begin PBXNativeTarget section */
		84D861791D86A203008CA6AD /* Test_sensor */ = {
			isa = PBXNativeTarget;
			buildConfigurationList = 84D8618C1D86A203008CA6AD /* Build configuration list for PBXNativeTarget "Test_sensor" */;
			buildPhases = (
				84D861761D86A203008CA6AD /* Sources */,
				84D861771D86A203008CA6AD /* Frameworks */,
				84D861781D86A203008CA6AD /* Resources */,
			);
			buildRules = (
			);
			dependencies = (
			);
			name = Test_sensor;
			productName = Test_sensor;
			productReference = 84D8617A1D86A203008CA6AD /* Test_sensor.app */;
			productType = "com.apple.product-type.application";
		};
/* End PBXNativeTarget section */

/* Begin PBXProject section */
		84D861721D86A203008CA6AD /* Project object */ = {
			isa = PBXProject;
			attributes = {
				LastSwiftUpdateCheck = 0730;
				LastUpgradeCheck = 0730;
				ORGANIZATIONNAME = nguyenhao;
				TargetAttributes = {
					84D861791D86A203008CA6AD = {
						CreatedOnToolsVersion = 7.3.1;
					};
				};
			};
			buildConfigurationList = 84D861751D86A203008CA6AD /* Build configuration list for PBXProject "Test_sensor" */;
			compatibilityVersion = "Xcode 3.2";
			developmentRegion = English;
			hasScannedForEncodings = 0;
			knownRegions = (
				en,
				Base,
			);
			mainGroup = 84D861711D86A203008CA6AD;
			productRefGroup = 84D8617B1D86A203008CA6AD /* Products */;
			projectDirPath = "";
			projectRoot = "";
			targets = (
				84D861791D86A203008CA6AD /* Test_sensor */,
			);
		};
/* End PBXProject section */

/* Begin PBXResourcesBuildPhase section */
		84D861781D86A203008CA6AD /* Resources */ = {
			isa = PBXResourcesBuildPhase;
			buildActionMask = 2147483647;
			files = (
				84D861881D86A203008CA6AD /* LaunchScreen.storyboard in Resources */,
				84D861851D86A203008CA6AD /* Assets.xcassets in Resources */,
				84D861831D86A203008CA6AD /* Main.storyboard in Resources */,
			);
			runOnlyForDeploymentPostprocessing = 0;
		};
/* End PBXResourcesBuildPhase section */

/* Begin PBXSourcesBuildPhase section */
		84D861761D86A203008CA6AD /* Sources */ = {
			isa = PBXSourcesBuildPhase;
			buildActionMask = 2147483647;
			files = (
				84D861801D86A203008CA6AD /* ViewController.swift in Sources */,
				84D8617E1D86A203008CA6AD /* AppDelegate.swift in Sources */,
			);
			runOnlyForDeploymentPostprocessing = 0;
		};
/* End PBXSourcesBuildPhase section */

/* Begin PBXVariantGroup section */
		84D861811D86A203008CA6AD /* Main.storyboard */ = {
			isa = PBXVariantGroup;
			children = (
				84D861821D86A203008CA6AD /* Base */,
			);
			name = Main.storyboard;
			sourceTree = "<group>";
		};
		84D861861D86A203008CA6AD /* LaunchScreen.storyboard */ = {
			isa = PBXVariantGroup;
			children = (
				84D861871D86A203008CA6AD /* Base */,
			);
			name = LaunchScreen.storyboard;
			sourceTree = "<group>";
		};
/* End PBXVariantGroup section */

/* Begin XCBuildConfiguration section */
		84D8618A1D86A203008CA6AD /* Debug */ = {
			isa = XCBuildConfiguration;
			buildSettings = {
				ALWAYS_SEARCH_USER_PATHS = NO;
				CLANG_ANALYZER_NONNULL = YES;
				CLANG_CXX_LANGUAGE_STANDARD = "gnu++0x";
				CLANG_CXX_LIBRARY = "libc++";
				CLANG_ENABLE_MODULES = YES;
				CLANG_ENABLE_OBJC_ARC = YES;
				CLANG_WARN_BOOL_CONVERSION = YES;
				CLANG_WARN_CONSTANT_CONVERSION = YES;
				CLANG_WARN_DIRECT_OBJC_ISA_USAGE = YES_ERROR;
				CLANG_WARN_EMPTY_BODY = YES;
				CLANG_WARN_ENUM_CONVERSION = YES;
				CLANG_WARN_INT_CONVERSION = YES;
				CLANG_WARN_OBJC_ROOT_CLASS = YES_ERROR;
				CLANG_WARN_UNREACHABLE_CODE = YES;
				CLANG_WARN__DUPLICATE_METHOD_MATCH = YES;
				"CODE_SIGN_IDENTITY[sdk=iphoneos*]" = "iPhone Developer";
				COPY_PHASE_STRIP = NO;
				DEBUG_INFORMATION_FORMAT = dwarf;
				ENABLE_STRICT_OBJC_MSGSEND = YES;
				ENABLE_TESTABILITY = YES;
				GCC_C_LANGUAGE_STANDARD = gnu99;
				GCC_DYNAMIC_NO_PIC = NO;
				GCC_NO_COMMON_BLOCKS = YES;
				GCC_OPTIMIZATION_LEVEL = 0;
				GCC_PREPROCESSOR_DEFINITIONS = (
					"DEBUG=1",
					"$(inherited)",
				);
				GCC_WARN_64_TO_32_BIT_CONVERSION = YES;
				GCC_WARN_ABOUT_RETURN_TYPE = YES_ERROR;
				GCC_WARN_UNDECLARED_SELECTOR = YES;
				GCC_WARN_UNINITIALIZED_AUTOS = YES_AGGRESSIVE;
				GCC_WARN_UNUSED_FUNCTION = YES;
				GCC_WARN_UNUSED_VARIABLE = YES;
				IPHONEOS_DEPLOYMENT_TARGET = 9.3;
				MTL_ENABLE_DEBUG_INFO = YES;
				ONLY_ACTIVE_ARCH = YES;
				SDKROOT = iphoneos;
				SWIFT_OPTIMIZATION_LEVEL = "-Onone";
				TARGETED_DEVICE_FAMILY = "1,2";
			};
			name = Debug;
		};
		84D8618B1D86A203008CA6AD /* Release */ = {
			isa = XCBuildConfiguration;
			buildSettings = {
				ALWAYS_SEARCH_USER_PATHS = NO;
				CLANG_ANALYZER_NONNULL = YES;
				CLANG_CXX_LANGUAGE_STANDARD = "gnu++0x";
				CLANG_CXX_LIBRARY = "libc++";
				CLANG_ENABLE_MODULES = YES;
				CLANG_ENABLE_OBJC_ARC = YES;
				CLANG_WARN_BOOL_CONVERSION = YES;
				CLANG_WARN_CONSTANT_CONVERSION = YES;
				CLANG_WARN_DIRECT_OBJC_ISA_USAGE = YES_ERROR;
				CLANG_WARN_EMPTY_BODY = YES;
				CLANG_WARN_ENUM_CONVERSION = YES;
				CLANG_WARN_INT_CONVERSION = YES;
				CLANG_WARN_OBJC_ROOT_CLASS = YES_ERROR;
				CLANG_WARN_UNREACHABLE_CODE = YES;
				CLANG_WARN__DUPLICATE_METHOD_MATCH = YES;
				"CODE_SIGN_IDENTITY[sdk=iphoneos*]" = "iPhone Developer";
				COPY_PHASE_STRIP = NO;
				DEBUG_INFORMATION_FORMAT = "dwarf-with-dsym";
				ENABLE_NS_ASSERTIONS = NO;
				ENABLE_STRICT_OBJC_MSGSEND = YES;
				GCC_C_LANGUAGE_STANDARD = gnu99;
				GCC_NO_COMMON_BLOCKS = YES;
				GCC_WARN_64_TO_32_BIT_CONVERSION = YES;
				GCC_WARN_ABOUT_RETURN_TYPE = YES_ERROR;
				GCC_WARN_UNDECLARED_SELECTOR = YES;
				GCC_WARN_UNINITIALIZED_AUTOS = YES_AGGRESSIVE;
				GCC_WARN_UNUSED_FUNCTION = YES;
				GCC_WARN_UNUSED_VARIABLE = YES;
				IPHONEOS_DEPLOYMENT_TARGET = 9.3;
				MTL_ENABLE_DEBUG_INFO = NO;
				SDKROOT = iphoneos;
				TARGETED_DEVICE_FAMILY = "1,2";
				VALIDATE_PRODUCT = YES;
			};
			name = Release;
		};
		84D8618D1D86A203008CA6AD /* Debug */ = {
			isa = XCBuildConfiguration;
			buildSettings = {
				ASSETCATALOG_COMPILER_APPICON_NAME = AppIcon;
				INFOPLIST_FILE = Test_sensor/Info.plist;
				LD_RUNPATH_SEARCH_PATHS = "$(inherited) @executable_path/Frameworks";
				PRODUCT_BUNDLE_IDENTIFIER = "mywork.com.Test-sensor";
				PRODUCT_NAME = "$(TARGET_NAME)";
			};
			name = Debug;
		};
		84D8618E1D86A203008CA6AD /* Release */ = {
			isa = XCBuildConfiguration;
			buildSettings = {
				ASSETCATALOG_COMPILER_APPICON_NAME = AppIcon;
				INFOPLIST_FILE = Test_sensor/Info.plist;
				LD_RUNPATH_SEARCH_PATHS = "$(inherited) @executable_path/Frameworks";
				PRODUCT_BUNDLE_IDENTIFIER = "mywork.com.Test-sensor";
				PRODUCT_NAME = "$(TARGET_NAME)";
			};
			name = Release;
		};
/* End XCBuildConfiguration section */

/* Begin XCConfigurationList section */
		84D861751D86A203008CA6AD /* Build configuration list for PBXProject "Test_sensor" */ = {
			isa = XCConfigurationList;
			buildConfigurations = (
				84D8618A1D86A203008CA6AD /* Debug */,
				84D8618B1D86A203008CA6AD /* Release */,
			);
			defaultConfigurationIsVisible = 0;
			defaultConfigurationName = Release;
		};
		84D8618C1D86A203008CA6AD /* Build configuration list for PBXNativeTarget "Test_sensor" */ = {
			isa = XCConfigurationList;
			buildConfigurations = (
				84D8618D1D86A203008CA6AD /* Debug */,
				84D8618E1D86A203008CA6AD /* Release */,
			);
			defaultConfigurationIsVisible = 0;
		};
/* End XCConfigurationList section */
	};
	rootObject = 84D861721D86A203008CA6AD /* Project object */;
}
