// !$*UTF8*$!
{
	archiveVersion = 1;
	classes = {
	};
	objectVersion = 46;
	objects = {

/* Begin PBXBuildFile section */
		84ABAE751D727FE500FC5CD5 /* AppDelegate.swift in Sources */ = {isa = PBXBuildFile; fileRef = 84ABAE741D727FE500FC5CD5 /* AppDelegate.swift */; };
		84ABAE771D727FE500FC5CD5 /* ViewController.swift in Sources */ = {isa = PBXBuildFile; fileRef = 84ABAE761D727FE500FC5CD5 /* ViewController.swift */; };
		84ABAE7A1D727FE500FC5CD5 /* Main.storyboard in Resources */ = {isa = PBXBuildFile; fileRef = 84ABAE781D727FE500FC5CD5 /* Main.storyboard */; };
		84ABAE7C1D727FE500FC5CD5 /* Assets.xcassets in Resources */ = {isa = PBXBuildFile; fileRef = 84ABAE7B1D727FE500FC5CD5 /* Assets.xcassets */; };
		84ABAE7F1D727FE500FC5CD5 /* LaunchScreen.storyboard in Resources */ = {isa = PBXBuildFile; fileRef = 84ABAE7D1D727FE500FC5CD5 /* LaunchScreen.storyboard */; };
		84ABAE931D72808D00FC5CD5 /* angry.png in Resources */ = {isa = PBXBuildFile; fileRef = 84ABAE871D72808D00FC5CD5 /* angry.png */; };
		84ABAE941D72808D00FC5CD5 /* avatar1.png in Resources */ = {isa = PBXBuildFile; fileRef = 84ABAE881D72808D00FC5CD5 /* avatar1.png */; };
		84ABAE951D72808D00FC5CD5 /* avatar2.png in Resources */ = {isa = PBXBuildFile; fileRef = 84ABAE891D72808D00FC5CD5 /* avatar2.png */; };
		84ABAE961D72808D00FC5CD5 /* comment.png in Resources */ = {isa = PBXBuildFile; fileRef = 84ABAE8A1D72808D00FC5CD5 /* comment.png */; };
		84ABAE971D72808D00FC5CD5 /* greyLike.png in Resources */ = {isa = PBXBuildFile; fileRef = 84ABAE8B1D72808D00FC5CD5 /* greyLike.png */; };
		84ABAE981D72808D00FC5CD5 /* haha.png in Resources */ = {isa = PBXBuildFile; fileRef = 84ABAE8C1D72808D00FC5CD5 /* haha.png */; };
		84ABAE991D72808D00FC5CD5 /* img.png in Resources */ = {isa = PBXBuildFile; fileRef = 84ABAE8D1D72808D00FC5CD5 /* img.png */; };
		84ABAE9A1D72808D00FC5CD5 /* like.png in Resources */ = {isa = PBXBuildFile; fileRef = 84ABAE8E1D72808D00FC5CD5 /* like.png */; };
		84ABAE9B1D72808D00FC5CD5 /* love.png in Resources */ = {isa = PBXBuildFile; fileRef = 84ABAE8F1D72808D00FC5CD5 /* love.png */; };
		84ABAE9C1D72808D00FC5CD5 /* sad.png in Resources */ = {isa = PBXBuildFile; fileRef = 84ABAE901D72808D00FC5CD5 /* sad.png */; };
		84ABAE9D1D72808D00FC5CD5 /* share.png in Resources */ = {isa = PBXBuildFile; fileRef = 84ABAE911D72808D00FC5CD5 /* share.png */; };
		84ABAE9E1D72808D00FC5CD5 /* wow.png in Resources */ = {isa = PBXBuildFile; fileRef = 84ABAE921D72808D00FC5CD5 /* wow.png */; };
		84D054401D782F98006FAAF6 /* PopoverViewViewController.swift in Sources */ = {isa = PBXBuildFile; fileRef = 84D0543F1D782F98006FAAF6 /* PopoverViewViewController.swift */; };
/* End PBXBuildFile section */

/* Begin PBXFileReference section */
		84ABAE711D727FE500FC5CD5 /* Popoverview.app */ = {isa = PBXFileReference; explicitFileType = wrapper.application; includeInIndex = 0; path = Popoverview.app; sourceTree = BUILT_PRODUCTS_DIR; };
		84ABAE741D727FE500FC5CD5 /* AppDelegate.swift */ = {isa = PBXFileReference; lastKnownFileType = sourcecode.swift; path = AppDelegate.swift; sourceTree = "<group>"; };
		84ABAE761D727FE500FC5CD5 /* ViewController.swift */ = {isa = PBXFileReference; lastKnownFileType = sourcecode.swift; path = ViewController.swift; sourceTree = "<group>"; };
		84ABAE791D727FE500FC5CD5 /* Base */ = {isa = PBXFileReference; lastKnownFileType = file.storyboard; name = Base; path = Base.lproj/Main.storyboard; sourceTree = "<group>"; };
		84ABAE7B1D727FE500FC5CD5 /* Assets.xcassets */ = {isa = PBXFileReference; lastKnownFileType = folder.assetcatalog; path = Assets.xcassets; sourceTree = "<group>"; };
		84ABAE7E1D727FE500FC5CD5 /* Base */ = {isa = PBXFileReference; lastKnownFileType = file.storyboard; name = Base; path = Base.lproj/LaunchScreen.storyboard; sourceTree = "<group>"; };
		84ABAE801D727FE500FC5CD5 /* Info.plist */ = {isa = PBXFileReference; lastKnownFileType = text.plist.xml; path = Info.plist; sourceTree = "<group>"; };
		84ABAE871D72808D00FC5CD5 /* angry.png */ = {isa = PBXFileReference; lastKnownFileType = image.png; path = angry.png; sourceTree = "<group>"; };
		84ABAE881D72808D00FC5CD5 /* avatar1.png */ = {isa = PBXFileReference; lastKnownFileType = image.png; path = avatar1.png; sourceTree = "<group>"; };
		84ABAE891D72808D00FC5CD5 /* avatar2.png */ = {isa = PBXFileReference; lastKnownFileType = image.png; path = avatar2.png; sourceTree = "<group>"; };
		84ABAE8A1D72808D00FC5CD5 /* comment.png */ = {isa = PBXFileReference; lastKnownFileType = image.png; path = comment.png; sourceTree = "<group>"; };
		84ABAE8B1D72808D00FC5CD5 /* greyLike.png */ = {isa = PBXFileReference; lastKnownFileType = image.png; path = greyLike.png; sourceTree = "<group>"; };
		84ABAE8C1D72808D00FC5CD5 /* haha.png */ = {isa = PBXFileReference; lastKnownFileType = image.png; path = haha.png; sourceTree = "<group>"; };
		84ABAE8D1D72808D00FC5CD5 /* img.png */ = {isa = PBXFileReference; lastKnownFileType = image.png; path = img.png; sourceTree = "<group>"; };
		84ABAE8E1D72808D00FC5CD5 /* like.png */ = {isa = PBXFileReference; lastKnownFileType = image.png; path = like.png; sourceTree = "<group>"; };
		84ABAE8F1D72808D00FC5CD5 /* love.png */ = {isa = PBXFileReference; lastKnownFileType = image.png; path = love.png; sourceTree = "<group>"; };
		84ABAE901D72808D00FC5CD5 /* sad.png */ = {isa = PBXFileReference; lastKnownFileType = image.png; path = sad.png; sourceTree = "<group>"; };
		84ABAE911D72808D00FC5CD5 /* share.png */ = {isa = PBXFileReference; lastKnownFileType = image.png; path = share.png; sourceTree = "<group>"; };
		84ABAE921D72808D00FC5CD5 /* wow.png */ = {isa = PBXFileReference; lastKnownFileType = image.png; path = wow.png; sourceTree = "<group>"; };
		84D0543F1D782F98006FAAF6 /* PopoverViewViewController.swift */ = {isa = PBXFileReference; fileEncoding = 4; lastKnownFileType = sourcecode.swift; name = PopoverViewViewController.swift; path = ../PopoverViewViewController.swift; sourceTree = "<group>"; };
/* End PBXFileReference section */

/* Begin PBXFrameworksBuildPhase section */
		84ABAE6E1D727FE500FC5CD5 /* Frameworks */ = {
			isa = PBXFrameworksBuildPhase;
			buildActionMask = 2147483647;
			files = (
			);
			runOnlyForDeploymentPostprocessing = 0;
		};
/* End PBXFrameworksBuildPhase section */

/* Begin PBXGroup section */
		84ABAE681D727FE500FC5CD5 = {
			isa = PBXGroup;
			children = (
				84ABAE731D727FE500FC5CD5 /* Popoverview */,
				84ABAE721D727FE500FC5CD5 /* Products */,
			);
			sourceTree = "<group>";
		};
		84ABAE721D727FE500FC5CD5 /* Products */ = {
			isa = PBXGroup;
			children = (
				84ABAE711D727FE500FC5CD5 /* Popoverview.app */,
			);
			name = Products;
			sourceTree = "<group>";
		};
		84ABAE731D727FE500FC5CD5 /* Popoverview */ = {
			isa = PBXGroup;
			children = (
				84ABAE861D72808D00FC5CD5 /* UIPopoverPresentation */,
				84ABAE741D727FE500FC5CD5 /* AppDelegate.swift */,
				84ABAE761D727FE500FC5CD5 /* ViewController.swift */,
				84D0543F1D782F98006FAAF6 /* PopoverViewViewController.swift */,
				84ABAE781D727FE500FC5CD5 /* Main.storyboard */,
				84ABAE7B1D727FE500FC5CD5 /* Assets.xcassets */,
				84ABAE7D1D727FE500FC5CD5 /* LaunchScreen.storyboard */,
				84ABAE801D727FE500FC5CD5 /* Info.plist */,
			);
			path = Popoverview;
			sourceTree = "<group>";
		};
		84ABAE861D72808D00FC5CD5 /* UIPopoverPresentation */ = {
			isa = PBXGroup;
			children = (
				84ABAE871D72808D00FC5CD5 /* angry.png */,
				84ABAE881D72808D00FC5CD5 /* avatar1.png */,
				84ABAE891D72808D00FC5CD5 /* avatar2.png */,
				84ABAE8A1D72808D00FC5CD5 /* comment.png */,
				84ABAE8B1D72808D00FC5CD5 /* greyLike.png */,
				84ABAE8C1D72808D00FC5CD5 /* haha.png */,
				84ABAE8D1D72808D00FC5CD5 /* img.png */,
				84ABAE8E1D72808D00FC5CD5 /* like.png */,
				84ABAE8F1D72808D00FC5CD5 /* love.png */,
				84ABAE901D72808D00FC5CD5 /* sad.png */,
				84ABAE911D72808D00FC5CD5 /* share.png */,
				84ABAE921D72808D00FC5CD5 /* wow.png */,
			);
			path = UIPopoverPresentation;
			sourceTree = "<group>";
		};
/* End PBXGroup section */

/* Begin PBXNativeTarget section */
		84ABAE701D727FE500FC5CD5 /* Popoverview */ = {
			isa = PBXNativeTarget;
			buildConfigurationList = 84ABAE831D727FE500FC5CD5 /* Build configuration list for PBXNativeTarget "Popoverview" */;
			buildPhases = (
				84ABAE6D1D727FE500FC5CD5 /* Sources */,
				84ABAE6E1D727FE500FC5CD5 /* Frameworks */,
				84ABAE6F1D727FE500FC5CD5 /* Resources */,
			);
			buildRules = (
			);
			dependencies = (
			);
			name = Popoverview;
			productName = Popoverview;
			productReference = 84ABAE711D727FE500FC5CD5 /* Popoverview.app */;
			productType = "com.apple.product-type.application";
		};
/* End PBXNativeTarget section */

/* Begin PBXProject section */
		84ABAE691D727FE500FC5CD5 /* Project object */ = {
			isa = PBXProject;
			attributes = {
				LastSwiftUpdateCheck = 0730;
				LastUpgradeCheck = 0730;
				ORGANIZATIONNAME = nguyenhao;
				TargetAttributes = {
					84ABAE701D727FE500FC5CD5 = {
						CreatedOnToolsVersion = 7.3.1;
					};
				};
			};
			buildConfigurationList = 84ABAE6C1D727FE500FC5CD5 /* Build configuration list for PBXProject "Popoverview" */;
			compatibilityVersion = "Xcode 3.2";
			developmentRegion = English;
			hasScannedForEncodings = 0;
			knownRegions = (
				en,
				Base,
			);
			mainGroup = 84ABAE681D727FE500FC5CD5;
			productRefGroup = 84ABAE721D727FE500FC5CD5 /* Products */;
			projectDirPath = "";
			projectRoot = "";
			targets = (
				84ABAE701D727FE500FC5CD5 /* Popoverview */,
			);
		};
/* End PBXProject section */

/* Begin PBXResourcesBuildPhase section */
		84ABAE6F1D727FE500FC5CD5 /* Resources */ = {
			isa = PBXResourcesBuildPhase;
			buildActionMask = 2147483647;
			files = (
				84ABAE7F1D727FE500FC5CD5 /* LaunchScreen.storyboard in Resources */,
				84ABAE931D72808D00FC5CD5 /* angry.png in Resources */,
				84ABAE981D72808D00FC5CD5 /* haha.png in Resources */,
				84ABAE9D1D72808D00FC5CD5 /* share.png in Resources */,
				84ABAE7C1D727FE500FC5CD5 /* Assets.xcassets in Resources */,
				84ABAE971D72808D00FC5CD5 /* greyLike.png in Resources */,
				84ABAE9B1D72808D00FC5CD5 /* love.png in Resources */,
				84ABAE9C1D72808D00FC5CD5 /* sad.png in Resources */,
				84ABAE991D72808D00FC5CD5 /* img.png in Resources */,
				84ABAE9E1D72808D00FC5CD5 /* wow.png in Resources */,
				84ABAE7A1D727FE500FC5CD5 /* Main.storyboard in Resources */,
				84ABAE941D72808D00FC5CD5 /* avatar1.png in Resources */,
				84ABAE951D72808D00FC5CD5 /* avatar2.png in Resources */,
				84ABAE961D72808D00FC5CD5 /* comment.png in Resources */,
				84ABAE9A1D72808D00FC5CD5 /* like.png in Resources */,
			);
			runOnlyForDeploymentPostprocessing = 0;
		};
/* End PBXResourcesBuildPhase section */

/* Begin PBXSourcesBuildPhase section */
		84ABAE6D1D727FE500FC5CD5 /* Sources */ = {
			isa = PBXSourcesBuildPhase;
			buildActionMask = 2147483647;
			files = (
				84ABAE771D727FE500FC5CD5 /* ViewController.swift in Sources */,
				84ABAE751D727FE500FC5CD5 /* AppDelegate.swift in Sources */,
				84D054401D782F98006FAAF6 /* PopoverViewViewController.swift in Sources */,
			);
			runOnlyForDeploymentPostprocessing = 0;
		};
/* End PBXSourcesBuildPhase section */

/* Begin PBXVariantGroup section */
		84ABAE781D727FE500FC5CD5 /* Main.storyboard */ = {
			isa = PBXVariantGroup;
			children = (
				84ABAE791D727FE500FC5CD5 /* Base */,
			);
			name = Main.storyboard;
			sourceTree = "<group>";
		};
		84ABAE7D1D727FE500FC5CD5 /* LaunchScreen.storyboard */ = {
			isa = PBXVariantGroup;
			children = (
				84ABAE7E1D727FE500FC5CD5 /* Base */,
			);
			name = LaunchScreen.storyboard;
			sourceTree = "<group>";
		};
/* End PBXVariantGroup section */

/* Begin XCBuildConfiguration section */
		84ABAE811D727FE500FC5CD5 /* Debug */ = {
			isa = XCBuildConfiguration;
			buildSettings = {
				ALWAYS_SEARCH_USER_PATHS = NO;
				CLANG_ANALYZER_NONNULL = YES;
				CLANG_CXX_LANGUAGE_STANDARD = "gnu++0x";
				CLANG_CXX_LIBRARY = "libc++";
				CLANG_ENABLE_MODULES = YES;
				CLANG_ENABLE_OBJC_ARC = YES;
				CLANG_WARN_BOOL_CONVERSION = YES;
				CLANG_WARN_CONSTANT_CONVERSION = YES;
				CLANG_WARN_DIRECT_OBJC_ISA_USAGE = YES_ERROR;
				CLANG_WARN_EMPTY_BODY = YES;
				CLANG_WARN_ENUM_CONVERSION = YES;
				CLANG_WARN_INT_CONVERSION = YES;
				CLANG_WARN_OBJC_ROOT_CLASS = YES_ERROR;
				CLANG_WARN_UNREACHABLE_CODE = YES;
				CLANG_WARN__DUPLICATE_METHOD_MATCH = YES;
				"CODE_SIGN_IDENTITY[sdk=iphoneos*]" = "iPhone Developer";
				COPY_PHASE_STRIP = NO;
				DEBUG_INFORMATION_FORMAT = dwarf;
				ENABLE_STRICT_OBJC_MSGSEND = YES;
				ENABLE_TESTABILITY = YES;
				GCC_C_LANGUAGE_STANDARD = gnu99;
				GCC_DYNAMIC_NO_PIC = NO;
				GCC_NO_COMMON_BLOCKS = YES;
				GCC_OPTIMIZATION_LEVEL = 0;
				GCC_PREPROCESSOR_DEFINITIONS = (
					"DEBUG=1",
					"$(inherited)",
				);
				GCC_WARN_64_TO_32_BIT_CONVERSION = YES;
				GCC_WARN_ABOUT_RETURN_TYPE = YES_ERROR;
				GCC_WARN_UNDECLARED_SELECTOR = YES;
				GCC_WARN_UNINITIALIZED_AUTOS = YES_AGGRESSIVE;
				GCC_WARN_UNUSED_FUNCTION = YES;
				GCC_WARN_UNUSED_VARIABLE = YES;
				IPHONEOS_DEPLOYMENT_TARGET = 9.3;
				MTL_ENABLE_DEBUG_INFO = YES;
				ONLY_ACTIVE_ARCH = YES;
				SDKROOT = iphoneos;
				SWIFT_OPTIMIZATION_LEVEL = "-Onone";
				TARGETED_DEVICE_FAMILY = "1,2";
			};
			name = Debug;
		};
		84ABAE821D727FE500FC5CD5 /* Release */ = {
			isa = XCBuildConfiguration;
			buildSettings = {
				ALWAYS_SEARCH_USER_PATHS = NO;
				CLANG_ANALYZER_NONNULL = YES;
				CLANG_CXX_LANGUAGE_STANDARD = "gnu++0x";
				CLANG_CXX_LIBRARY = "libc++";
				CLANG_ENABLE_MODULES = YES;
				CLANG_ENABLE_OBJC_ARC = YES;
				CLANG_WARN_BOOL_CONVERSION = YES;
				CLANG_WARN_CONSTANT_CONVERSION = YES;
				CLANG_WARN_DIRECT_OBJC_ISA_USAGE = YES_ERROR;
				CLANG_WARN_EMPTY_BODY = YES;
				CLANG_WARN_ENUM_CONVERSION = YES;
				CLANG_WARN_INT_CONVERSION = YES;
				CLANG_WARN_OBJC_ROOT_CLASS = YES_ERROR;
				CLANG_WARN_UNREACHABLE_CODE = YES;
				CLANG_WARN__DUPLICATE_METHOD_MATCH = YES;
				"CODE_SIGN_IDENTITY[sdk=iphoneos*]" = "iPhone Developer";
				COPY_PHASE_STRIP = NO;
				DEBUG_INFORMATION_FORMAT = "dwarf-with-dsym";
				ENABLE_NS_ASSERTIONS = NO;
				ENABLE_STRICT_OBJC_MSGSEND = YES;
				GCC_C_LANGUAGE_STANDARD = gnu99;
				GCC_NO_COMMON_BLOCKS = YES;
				GCC_WARN_64_TO_32_BIT_CONVERSION = YES;
				GCC_WARN_ABOUT_RETURN_TYPE = YES_ERROR;
				GCC_WARN_UNDECLARED_SELECTOR = YES;
				GCC_WARN_UNINITIALIZED_AUTOS = YES_AGGRESSIVE;
				GCC_WARN_UNUSED_FUNCTION = YES;
				GCC_WARN_UNUSED_VARIABLE = YES;
				IPHONEOS_DEPLOYMENT_TARGET = 9.3;
				MTL_ENABLE_DEBUG_INFO = NO;
				SDKROOT = iphoneos;
				TARGETED_DEVICE_FAMILY = "1,2";
				VALIDATE_PRODUCT = YES;
			};
			name = Release;
		};
		84ABAE841D727FE500FC5CD5 /* Debug */ = {
			isa = XCBuildConfiguration;
			buildSettings = {
				ASSETCATALOG_COMPILER_APPICON_NAME = AppIcon;
				INFOPLIST_FILE = Popoverview/Info.plist;
				LD_RUNPATH_SEARCH_PATHS = "$(inherited) @executable_path/Frameworks";
				PRODUCT_BUNDLE_IDENTIFIER = mywork.com.Popoverview;
				PRODUCT_NAME = "$(TARGET_NAME)";
			};
			name = Debug;
		};
		84ABAE851D727FE500FC5CD5 /* Release */ = {
			isa = XCBuildConfiguration;
			buildSettings = {
				ASSETCATALOG_COMPILER_APPICON_NAME = AppIcon;
				INFOPLIST_FILE = Popoverview/Info.plist;
				LD_RUNPATH_SEARCH_PATHS = "$(inherited) @executable_path/Frameworks";
				PRODUCT_BUNDLE_IDENTIFIER = mywork.com.Popoverview;
				PRODUCT_NAME = "$(TARGET_NAME)";
			};
			name = Release;
		};
/* End XCBuildConfiguration section */

/* Begin XCConfigurationList section */
		84ABAE6C1D727FE500FC5CD5 /* Build configuration list for PBXProject "Popoverview" */ = {
			isa = XCConfigurationList;
			buildConfigurations = (
				84ABAE811D727FE500FC5CD5 /* Debug */,
				84ABAE821D727FE500FC5CD5 /* Release */,
			);
			defaultConfigurationIsVisible = 0;
			defaultConfigurationName = Release;
		};
		84ABAE831D727FE500FC5CD5 /* Build configuration list for PBXNativeTarget "Popoverview" */ = {
			isa = XCConfigurationList;
			buildConfigurations = (
				84ABAE841D727FE500FC5CD5 /* Debug */,
				84ABAE851D727FE500FC5CD5 /* Release */,
			);
			defaultConfigurationIsVisible = 0;
			defaultConfigurationName = Release;
		};
/* End XCConfigurationList section */
	};
	rootObject = 84ABAE691D727FE500FC5CD5 /* Project object */;
}
