// !$*UTF8*$!
{
	archiveVersion = 1;
	classes = {
	};
	objectVersion = 46;
	objects = {

/* Begin PBXBuildFile section */
		841241951D8021AD00CD205B /* Default-568h@2x.png in Resources */ = {isa = PBXBuildFile; fileRef = 841241941D8021AD00CD205B /* Default-568h@2x.png */; };
		84BFA3881D6D388E00644FF0 /* AppDelegate.swift in Sources */ = {isa = PBXBuildFile; fileRef = 84BFA3871D6D388E00644FF0 /* AppDelegate.swift */; };
		84BFA38A1D6D388E00644FF0 /* ViewController.swift in Sources */ = {isa = PBXBuildFile; fileRef = 84BFA3891D6D388E00644FF0 /* ViewController.swift */; };
		84BFA38D1D6D388E00644FF0 /* Main.storyboard in Resources */ = {isa = PBXBuildFile; fileRef = 84BFA38B1D6D388E00644FF0 /* Main.storyboard */; };
		84BFA38F1D6D388E00644FF0 /* Assets.xcassets in Resources */ = {isa = PBXBuildFile; fileRef = 84BFA38E1D6D388E00644FF0 /* Assets.xcassets */; };
		84BFA3921D6D388E00644FF0 /* LaunchScreen.storyboard in Resources */ = {isa = PBXBuildFile; fileRef = 84BFA3901D6D388E00644FF0 /* LaunchScreen.storyboard */; };
		84BFA39F1D6D3BAE00644FF0 /* board.png in Resources */ = {isa = PBXBuildFile; fileRef = 84BFA39A1D6D3BAE00644FF0 /* board.png */; };
		84BFA3A01D6D3BAE00644FF0 /* Cartoon-Springs-PPT-Backgrounds-1024x768.jpg in Resources */ = {isa = PBXBuildFile; fileRef = 84BFA39B1D6D3BAE00644FF0 /* Cartoon-Springs-PPT-Backgrounds-1024x768.jpg */; };
		84BFA3A11D6D3BAE00644FF0 /* note1.png in Resources */ = {isa = PBXBuildFile; fileRef = 84BFA39C1D6D3BAE00644FF0 /* note1.png */; };
		84BFA3A21D6D3BAE00644FF0 /* note2.png in Resources */ = {isa = PBXBuildFile; fileRef = 84BFA39D1D6D3BAE00644FF0 /* note2.png */; };
		84BFA3A31D6D3BAE00644FF0 /* note3.png in Resources */ = {isa = PBXBuildFile; fileRef = 84BFA39E1D6D3BAE00644FF0 /* note3.png */; };
/* End PBXBuildFile section */

/* Begin PBXFileReference section */
		841241941D8021AD00CD205B /* Default-568h@2x.png */ = {isa = PBXFileReference; lastKnownFileType = image.png; path = "Default-568h@2x.png"; sourceTree = "<group>"; };
		84BFA3841D6D388E00644FF0 /* Toán.app */ = {isa = PBXFileReference; explicitFileType = wrapper.application; includeInIndex = 0; path = "Toán.app"; sourceTree = BUILT_PRODUCTS_DIR; };
		84BFA3871D6D388E00644FF0 /* AppDelegate.swift */ = {isa = PBXFileReference; lastKnownFileType = sourcecode.swift; path = AppDelegate.swift; sourceTree = "<group>"; };
		84BFA3891D6D388E00644FF0 /* ViewController.swift */ = {isa = PBXFileReference; lastKnownFileType = sourcecode.swift; path = ViewController.swift; sourceTree = "<group>"; };
		84BFA38C1D6D388E00644FF0 /* Base */ = {isa = PBXFileReference; lastKnownFileType = file.storyboard; name = Base; path = Base.lproj/Main.storyboard; sourceTree = "<group>"; };
		84BFA38E1D6D388E00644FF0 /* Assets.xcassets */ = {isa = PBXFileReference; lastKnownFileType = folder.assetcatalog; path = Assets.xcassets; sourceTree = "<group>"; };
		84BFA3911D6D388E00644FF0 /* Base */ = {isa = PBXFileReference; lastKnownFileType = file.storyboard; name = Base; path = Base.lproj/LaunchScreen.storyboard; sourceTree = "<group>"; };
		84BFA3931D6D388E00644FF0 /* Info.plist */ = {isa = PBXFileReference; lastKnownFileType = text.plist.xml; path = Info.plist; sourceTree = "<group>"; };
		84BFA39A1D6D3BAE00644FF0 /* board.png */ = {isa = PBXFileReference; lastKnownFileType = image.png; path = board.png; sourceTree = "<group>"; };
		84BFA39B1D6D3BAE00644FF0 /* Cartoon-Springs-PPT-Backgrounds-1024x768.jpg */ = {isa = PBXFileReference; lastKnownFileType = image.jpeg; path = "Cartoon-Springs-PPT-Backgrounds-1024x768.jpg"; sourceTree = "<group>"; };
		84BFA39C1D6D3BAE00644FF0 /* note1.png */ = {isa = PBXFileReference; lastKnownFileType = image.png; path = note1.png; sourceTree = "<group>"; };
		84BFA39D1D6D3BAE00644FF0 /* note2.png */ = {isa = PBXFileReference; lastKnownFileType = image.png; path = note2.png; sourceTree = "<group>"; };
		84BFA39E1D6D3BAE00644FF0 /* note3.png */ = {isa = PBXFileReference; lastKnownFileType = image.png; path = note3.png; sourceTree = "<group>"; };
/* End PBXFileReference section */

/* Begin PBXFrameworksBuildPhase section */
		84BFA3811D6D388E00644FF0 /* Frameworks */ = {
			isa = PBXFrameworksBuildPhase;
			buildActionMask = 2147483647;
			files = (
			);
			runOnlyForDeploymentPostprocessing = 0;
		};
/* End PBXFrameworksBuildPhase section */

/* Begin PBXGroup section */
		84BFA37B1D6D388E00644FF0 = {
			isa = PBXGroup;
			children = (
				841241941D8021AD00CD205B /* Default-568h@2x.png */,
				84BFA3861D6D388E00644FF0 /* Toán */,
				84BFA3851D6D388E00644FF0 /* Products */,
			);
			sourceTree = "<group>";
		};
		84BFA3851D6D388E00644FF0 /* Products */ = {
			isa = PBXGroup;
			children = (
				84BFA3841D6D388E00644FF0 /* Toán.app */,
			);
			name = Products;
			sourceTree = "<group>";
		};
		84BFA3861D6D388E00644FF0 /* Toán */ = {
			isa = PBXGroup;
			children = (
				84BFA3991D6D3BAE00644FF0 /* Math 3 */,
				84BFA3871D6D388E00644FF0 /* AppDelegate.swift */,
				84BFA3891D6D388E00644FF0 /* ViewController.swift */,
				84BFA38B1D6D388E00644FF0 /* Main.storyboard */,
				84BFA38E1D6D388E00644FF0 /* Assets.xcassets */,
				84BFA3901D6D388E00644FF0 /* LaunchScreen.storyboard */,
				84BFA3931D6D388E00644FF0 /* Info.plist */,
			);
			path = "Toán";
			sourceTree = "<group>";
		};
		84BFA3991D6D3BAE00644FF0 /* Math 3 */ = {
			isa = PBXGroup;
			children = (
				84BFA39A1D6D3BAE00644FF0 /* board.png */,
				84BFA39B1D6D3BAE00644FF0 /* Cartoon-Springs-PPT-Backgrounds-1024x768.jpg */,
				84BFA39C1D6D3BAE00644FF0 /* note1.png */,
				84BFA39D1D6D3BAE00644FF0 /* note2.png */,
				84BFA39E1D6D3BAE00644FF0 /* note3.png */,
			);
			path = "Math 3";
			sourceTree = "<group>";
		};
/* End PBXGroup section */

/* Begin PBXNativeTarget section */
		84BFA3831D6D388E00644FF0 /* Toán */ = {
			isa = PBXNativeTarget;
			buildConfigurationList = 84BFA3961D6D388E00644FF0 /* Build configuration list for PBXNativeTarget "Toán" */;
			buildPhases = (
				84BFA3801D6D388E00644FF0 /* Sources */,
				84BFA3811D6D388E00644FF0 /* Frameworks */,
				84BFA3821D6D388E00644FF0 /* Resources */,
			);
			buildRules = (
			);
			dependencies = (
			);
			name = "Toán";
			productName = "Toán";
			productReference = 84BFA3841D6D388E00644FF0 /* Toán.app */;
			productType = "com.apple.product-type.application";
		};
/* End PBXNativeTarget section */

/* Begin PBXProject section */
		84BFA37C1D6D388E00644FF0 /* Project object */ = {
			isa = PBXProject;
			attributes = {
				LastSwiftUpdateCheck = 0730;
				LastUpgradeCheck = 0730;
				ORGANIZATIONNAME = nguyenhao;
				TargetAttributes = {
					84BFA3831D6D388E00644FF0 = {
						CreatedOnToolsVersion = 7.3.1;
					};
				};
			};
			buildConfigurationList = 84BFA37F1D6D388E00644FF0 /* Build configuration list for PBXProject "Toán" */;
			compatibilityVersion = "Xcode 3.2";
			developmentRegion = English;
			hasScannedForEncodings = 0;
			knownRegions = (
				en,
				Base,
			);
			mainGroup = 84BFA37B1D6D388E00644FF0;
			productRefGroup = 84BFA3851D6D388E00644FF0 /* Products */;
			projectDirPath = "";
			projectRoot = "";
			targets = (
				84BFA3831D6D388E00644FF0 /* Toán */,
			);
		};
/* End PBXProject section */

/* Begin PBXResourcesBuildPhase section */
		84BFA3821D6D388E00644FF0 /* Resources */ = {
			isa = PBXResourcesBuildPhase;
			buildActionMask = 2147483647;
			files = (
				84BFA39F1D6D3BAE00644FF0 /* board.png in Resources */,
				84BFA3921D6D388E00644FF0 /* LaunchScreen.storyboard in Resources */,
				841241951D8021AD00CD205B /* Default-568h@2x.png in Resources */,
				84BFA38F1D6D388E00644FF0 /* Assets.xcassets in Resources */,
				84BFA3A21D6D3BAE00644FF0 /* note2.png in Resources */,
				84BFA3A11D6D3BAE00644FF0 /* note1.png in Resources */,
				84BFA3A31D6D3BAE00644FF0 /* note3.png in Resources */,
				84BFA38D1D6D388E00644FF0 /* Main.storyboard in Resources */,
				84BFA3A01D6D3BAE00644FF0 /* Cartoon-Springs-PPT-Backgrounds-1024x768.jpg in Resources */,
			);
			runOnlyForDeploymentPostprocessing = 0;
		};
/* End PBXResourcesBuildPhase section */

/* Begin PBXSourcesBuildPhase section */
		84BFA3801D6D388E00644FF0 /* Sources */ = {
			isa = PBXSourcesBuildPhase;
			buildActionMask = 2147483647;
			files = (
				84BFA38A1D6D388E00644FF0 /* ViewController.swift in Sources */,
				84BFA3881D6D388E00644FF0 /* AppDelegate.swift in Sources */,
			);
			runOnlyForDeploymentPostprocessing = 0;
		};
/* End PBXSourcesBuildPhase section */

/* Begin PBXVariantGroup section */
		84BFA38B1D6D388E00644FF0 /* Main.storyboard */ = {
			isa = PBXVariantGroup;
			children = (
				84BFA38C1D6D388E00644FF0 /* Base */,
			);
			name = Main.storyboard;
			sourceTree = "<group>";
		};
		84BFA3901D6D388E00644FF0 /* LaunchScreen.storyboard */ = {
			isa = PBXVariantGroup;
			children = (
				84BFA3911D6D388E00644FF0 /* Base */,
			);
			name = LaunchScreen.storyboard;
			sourceTree = "<group>";
		};
/* End PBXVariantGroup section */

/* Begin XCBuildConfiguration section */
		84BFA3941D6D388E00644FF0 /* Debug */ = {
			isa = XCBuildConfiguration;
			buildSettings = {
				ALWAYS_SEARCH_USER_PATHS = NO;
				CLANG_ANALYZER_NONNULL = YES;
				CLANG_CXX_LANGUAGE_STANDARD = "gnu++0x";
				CLANG_CXX_LIBRARY = "libc++";
				CLANG_ENABLE_MODULES = YES;
				CLANG_ENABLE_OBJC_ARC = YES;
				CLANG_WARN_BOOL_CONVERSION = YES;
				CLANG_WARN_CONSTANT_CONVERSION = YES;
				CLANG_WARN_DIRECT_OBJC_ISA_USAGE = YES_ERROR;
				CLANG_WARN_EMPTY_BODY = YES;
				CLANG_WARN_ENUM_CONVERSION = YES;
				CLANG_WARN_INT_CONVERSION = YES;
				CLANG_WARN_OBJC_ROOT_CLASS = YES_ERROR;
				CLANG_WARN_UNREACHABLE_CODE = YES;
				CLANG_WARN__DUPLICATE_METHOD_MATCH = YES;
				"CODE_SIGN_IDENTITY[sdk=iphoneos*]" = "iPhone Developer";
				COPY_PHASE_STRIP = NO;
				DEBUG_INFORMATION_FORMAT = dwarf;
				ENABLE_STRICT_OBJC_MSGSEND = YES;
				ENABLE_TESTABILITY = YES;
				GCC_C_LANGUAGE_STANDARD = gnu99;
				GCC_DYNAMIC_NO_PIC = NO;
				GCC_NO_COMMON_BLOCKS = YES;
				GCC_OPTIMIZATION_LEVEL = 0;
				GCC_PREPROCESSOR_DEFINITIONS = (
					"DEBUG=1",
					"$(inherited)",
				);
				GCC_WARN_64_TO_32_BIT_CONVERSION = YES;
				GCC_WARN_ABOUT_RETURN_TYPE = YES_ERROR;
				GCC_WARN_UNDECLARED_SELECTOR = YES;
				GCC_WARN_UNINITIALIZED_AUTOS = YES_AGGRESSIVE;
				GCC_WARN_UNUSED_FUNCTION = YES;
				GCC_WARN_UNUSED_VARIABLE = YES;
				IPHONEOS_DEPLOYMENT_TARGET = 9.3;
				MTL_ENABLE_DEBUG_INFO = YES;
				ONLY_ACTIVE_ARCH = YES;
				SDKROOT = iphoneos;
				SWIFT_OPTIMIZATION_LEVEL = "-Onone";
				TARGETED_DEVICE_FAMILY = "1,2";
			};
			name = Debug;
		};
		84BFA3951D6D388E00644FF0 /* Release */ = {
			isa = XCBuildConfiguration;
			buildSettings = {
				ALWAYS_SEARCH_USER_PATHS = NO;
				CLANG_ANALYZER_NONNULL = YES;
				CLANG_CXX_LANGUAGE_STANDARD = "gnu++0x";
				CLANG_CXX_LIBRARY = "libc++";
				CLANG_ENABLE_MODULES = YES;
				CLANG_ENABLE_OBJC_ARC = YES;
				CLANG_WARN_BOOL_CONVERSION = YES;
				CLANG_WARN_CONSTANT_CONVERSION = YES;
				CLANG_WARN_DIRECT_OBJC_ISA_USAGE = YES_ERROR;
				CLANG_WARN_EMPTY_BODY = YES;
				CLANG_WARN_ENUM_CONVERSION = YES;
				CLANG_WARN_INT_CONVERSION = YES;
				CLANG_WARN_OBJC_ROOT_CLASS = YES_ERROR;
				CLANG_WARN_UNREACHABLE_CODE = YES;
				CLANG_WARN__DUPLICATE_METHOD_MATCH = YES;
				"CODE_SIGN_IDENTITY[sdk=iphoneos*]" = "iPhone Developer";
				COPY_PHASE_STRIP = NO;
				DEBUG_INFORMATION_FORMAT = "dwarf-with-dsym";
				ENABLE_NS_ASSERTIONS = NO;
				ENABLE_STRICT_OBJC_MSGSEND = YES;
				GCC_C_LANGUAGE_STANDARD = gnu99;
				GCC_NO_COMMON_BLOCKS = YES;
				GCC_WARN_64_TO_32_BIT_CONVERSION = YES;
				GCC_WARN_ABOUT_RETURN_TYPE = YES_ERROR;
				GCC_WARN_UNDECLARED_SELECTOR = YES;
				GCC_WARN_UNINITIALIZED_AUTOS = YES_AGGRESSIVE;
				GCC_WARN_UNUSED_FUNCTION = YES;
				GCC_WARN_UNUSED_VARIABLE = YES;
				IPHONEOS_DEPLOYMENT_TARGET = 9.3;
				MTL_ENABLE_DEBUG_INFO = NO;
				SDKROOT = iphoneos;
				TARGETED_DEVICE_FAMILY = "1,2";
				VALIDATE_PRODUCT = YES;
			};
			name = Release;
		};
		84BFA3971D6D388E00644FF0 /* Debug */ = {
			isa = XCBuildConfiguration;
			buildSettings = {
				ASSETCATALOG_COMPILER_APPICON_NAME = AppIcon;
				INFOPLIST_FILE = "Toán/Info.plist";
				LD_RUNPATH_SEARCH_PATHS = "$(inherited) @executable_path/Frameworks";
				PRODUCT_BUNDLE_IDENTIFIER = "mywork.com.Toa-n";
				PRODUCT_NAME = "$(TARGET_NAME)";
			};
			name = Debug;
		};
		84BFA3981D6D388E00644FF0 /* Release */ = {
			isa = XCBuildConfiguration;
			buildSettings = {
				ASSETCATALOG_COMPILER_APPICON_NAME = AppIcon;
				INFOPLIST_FILE = "Toán/Info.plist";
				LD_RUNPATH_SEARCH_PATHS = "$(inherited) @executable_path/Frameworks";
				PRODUCT_BUNDLE_IDENTIFIER = "mywork.com.Toa-n";
				PRODUCT_NAME = "$(TARGET_NAME)";
			};
			name = Release;
		};
/* End XCBuildConfiguration section */

/* Begin XCConfigurationList section */
		84BFA37F1D6D388E00644FF0 /* Build configuration list for PBXProject "Toán" */ = {
			isa = XCConfigurationList;
			buildConfigurations = (
				84BFA3941D6D388E00644FF0 /* Debug */,
				84BFA3951D6D388E00644FF0 /* Release */,
			);
			defaultConfigurationIsVisible = 0;
			defaultConfigurationName = Release;
		};
		84BFA3961D6D388E00644FF0 /* Build configuration list for PBXNativeTarget "Toán" */ = {
			isa = XCConfigurationList;
			buildConfigurations = (
				84BFA3971D6D388E00644FF0 /* Debug */,
				84BFA3981D6D388E00644FF0 /* Release */,
			);
			defaultConfigurationIsVisible = 0;
			defaultConfigurationName = Release;
		};
/* End XCConfigurationList section */
	};
	rootObject = 84BFA37C1D6D388E00644FF0 /* Project object */;
}
